
Microsoft Visual Studio Solution File, Format Version 12.00
Project("{FAE04EC0-301F-11D3-BF4B-00C04F79EFBC}") = "Overflow.AppHost", "Overflow.AppHost\Overflow.AppHost.csproj", "{BED87DED-F2BA-47D1-AE09-951DE13BB77D}"
EndProject
Project("{FAE04EC0-301F-11D3-BF4B-00C04F79EFBC}") = "Overflow.ServiceDefaults", "Overflow.ServiceDefaults\Overflow.ServiceDefaults.csproj", "{DC195CEC-F933-4E65-AC8D-BD667A27FC68}"
EndProject
Project("{2150E333-8FDC-42A3-9474-1A3956D46DE8}") = "services", "services", "{FBCD6EA5-670E-49F4-AE43-B21C22C2CBA1}"
EndProject
Project("{FAE04EC0-301F-11D3-BF4B-00C04F79EFBC}") = "QuestionService", "QuestionService\QuestionService.csproj", "{F9CED4A7-8184-4A7D-AEE1-3D978E992B9F}"
EndProject
Project("{FAE04EC0-301F-11D3-BF4B-00C04F79EFBC}") = "SearchService", "SearchService\SearchService.csproj", "{150F65A8-64E2-4D0F-9F10-8B821FB61379}"
EndProject
Project("{2150E333-8FDC-42A3-9474-1A3956D46DE8}") = "common", "common", "{A925227C-5073-4A5F-8E3F-1116BD4F74A1}"
EndProject
Project("{FAE04EC0-301F-11D3-BF4B-00C04F79EFBC}") = "Contracts", "Contracts\Contracts.csproj", "{97B00474-3A56-4E12-8082-0AF8CBBD5FD4}"
EndProject
Project("{FAE04EC0-301F-11D3-BF4B-00C04F79EFBC}") = "Common", "Common\Common.csproj", "{3DD4DEFC-19CE-4EDF-8F2C-07C790F76E62}"
EndProject
Global
	GlobalSection(SolutionConfigurationPlatforms) = preSolution
		Debug|Any CPU = Debug|Any CPU
		Release|Any CPU = Release|Any CPU
	EndGlobalSection
	GlobalSection(ProjectConfigurationPlatforms) = postSolution
		{BED87DED-F2BA-47D1-AE09-951DE13BB77D}.Debug|Any CPU.ActiveCfg = Debug|Any CPU
		{BED87DED-F2BA-47D1-AE09-951DE13BB77D}.Debug|Any CPU.Build.0 = Debug|Any CPU
		{BED87DED-F2BA-47D1-AE09-951DE13BB77D}.Release|Any CPU.ActiveCfg = Release|Any CPU
		{BED87DED-F2BA-47D1-AE09-951DE13BB77D}.Release|Any CPU.Build.0 = Release|Any CPU
		{DC195CEC-F933-4E65-AC8D-BD667A27FC68}.Debug|Any CPU.ActiveCfg = Debug|Any CPU
		{DC195CEC-F933-4E65-AC8D-BD667A27FC68}.Debug|Any CPU.Build.0 = Debug|Any CPU
		{DC195CEC-F933-4E65-AC8D-BD667A27FC68}.Release|Any CPU.ActiveCfg = Release|Any CPU
		{DC195CEC-F933-4E65-AC8D-BD667A27FC68}.Release|Any CPU.Build.0 = Release|Any CPU
		{F9CED4A7-8184-4A7D-AEE1-3D978E992B9F}.Debug|Any CPU.ActiveCfg = Debug|Any CPU
		{F9CED4A7-8184-4A7D-AEE1-3D978E992B9F}.Debug|Any CPU.Build.0 = Debug|Any CPU
		{F9CED4A7-8184-4A7D-AEE1-3D978E992B9F}.Release|Any CPU.ActiveCfg = Release|Any CPU
		{F9CED4A7-8184-4A7D-AEE1-3D978E992B9F}.Release|Any CPU.Build.0 = Release|Any CPU
		{150F65A8-64E2-4D0F-9F10-8B821FB61379}.Debug|Any CPU.ActiveCfg = Debug|Any CPU
		{150F65A8-64E2-4D0F-9F10-8B821FB61379}.Debug|Any CPU.Build.0 = Debug|Any CPU
		{150F65A8-64E2-4D0F-9F10-8B821FB61379}.Release|Any CPU.ActiveCfg = Release|Any CPU
		{150F65A8-64E2-4D0F-9F10-8B821FB61379}.Release|Any CPU.Build.0 = Release|Any CPU
		{97B00474-3A56-4E12-8082-0AF8CBBD5FD4}.Debug|Any CPU.ActiveCfg = Debug|Any CPU
		{97B00474-3A56-4E12-8082-0AF8CBBD5FD4}.Debug|Any CPU.Build.0 = Debug|Any CPU
		{97B00474-3A56-4E12-8082-0AF8CBBD5FD4}.Release|Any CPU.ActiveCfg = Release|Any CPU
		{97B00474-3A56-4E12-8082-0AF8CBBD5FD4}.Release|Any CPU.Build.0 = Release|Any CPU
		{3DD4DEFC-19CE-4EDF-8F2C-07C790F76E62}.Debug|Any CPU.ActiveCfg = Debug|Any CPU
		{3DD4DEFC-19CE-4EDF-8F2C-07C790F76E62}.Debug|Any CPU.Build.0 = Debug|Any CPU
		{3DD4DEFC-19CE-4EDF-8F2C-07C790F76E62}.Release|Any CPU.ActiveCfg = Release|Any CPU
		{3DD4DEFC-19CE-4EDF-8F2C-07C790F76E62}.Release|Any CPU.Build.0 = Release|Any CPU
	EndGlobalSection
	GlobalSection(NestedProjects) = preSolution
		{F9CED4A7-8184-4A7D-AEE1-3D978E992B9F} = {FBCD6EA5-670E-49F4-AE43-B21C22C2CBA1}
		{150F65A8-64E2-4D0F-9F10-8B821FB61379} = {FBCD6EA5-670E-49F4-AE43-B21C22C2CBA1}
		{97B00474-3A56-4E12-8082-0AF8CBBD5FD4} = {A925227C-5073-4A5F-8E3F-1116BD4F74A1}
		{3DD4DEFC-19CE-4EDF-8F2C-07C790F76E62} = {A925227C-5073-4A5F-8E3F-1116BD4F74A1}
	EndGlobalSection
EndGlobal
